
Microsoft Visual Studio Solution File, Format Version 12.00
# Visual Studio 14
VisualStudioVersion = 14.0.23107.0
MinimumVisualStudioVersion = 10.0.40219.1
Project("{2150E333-8FDC-42A3-9474-1A3956D46DE8}") = "src", "src", "{B504E416-3A22-4254-87AB-3CB17C8E8050}"
EndProject
Project("{2150E333-8FDC-42A3-9474-1A3956D46DE8}") = "Solution Items", "Solution Items", "{02EA8396-2D2E-45A2-AC9B-24CE84B57FC7}"
	ProjectSection(SolutionItems) = preProject
		global.json = global.json
	EndProjectSection
EndProject
Project("{8BB2217D-0F2D-49D1-97BC-3654ED321F3B}") = "Demo-api", "src\Demo\Demo-api.xproj", "{21DEFB1F-B417-4060-941C-63ACE42DE6F8}"
EndProject
Project("{8BB2217D-0F2D-49D1-97BC-3654ED321F3B}") = "Demo-core", "src\Demo-core\Demo-core.xproj", "{6912ECFD-C8C0-4900-A603-C96A46945EB9}"
EndProject
Global
	GlobalSection(SolutionConfigurationPlatforms) = preSolution
		Debug|Any CPU = Debug|Any CPU
		Release|Any CPU = Release|Any CPU
	EndGlobalSection
	GlobalSection(ProjectConfigurationPlatforms) = postSolution
		{21DEFB1F-B417-4060-941C-63ACE42DE6F8}.Debug|Any CPU.ActiveCfg = Debug|Any CPU
		{21DEFB1F-B417-4060-941C-63ACE42DE6F8}.Debug|Any CPU.Build.0 = Debug|Any CPU
		{21DEFB1F-B417-4060-941C-63ACE42DE6F8}.Release|Any CPU.ActiveCfg = Release|Any CPU
		{21DEFB1F-B417-4060-941C-63ACE42DE6F8}.Release|Any CPU.Build.0 = Release|Any CPU
		{6912ECFD-C8C0-4900-A603-C96A46945EB9}.Debug|Any CPU.ActiveCfg = Debug|Any CPU
		{6912ECFD-C8C0-4900-A603-C96A46945EB9}.Debug|Any CPU.Build.0 = Debug|Any CPU
		{6912ECFD-C8C0-4900-A603-C96A46945EB9}.Release|Any CPU.ActiveCfg = Release|Any CPU
		{6912ECFD-C8C0-4900-A603-C96A46945EB9}.Release|Any CPU.Build.0 = Release|Any CPU
	EndGlobalSection
	GlobalSection(SolutionProperties) = preSolution
		HideSolutionNode = FALSE
	EndGlobalSection
	GlobalSection(NestedProjects) = preSolution
		{21DEFB1F-B417-4060-941C-63ACE42DE6F8} = {B504E416-3A22-4254-87AB-3CB17C8E8050}
		{6912ECFD-C8C0-4900-A603-C96A46945EB9} = {B504E416-3A22-4254-87AB-3CB17C8E8050}
	EndGlobalSection
EndGlobal
